
Microsoft Visual Studio Solution File, Format Version 12.00
# Visual Studio Version 17
VisualStudioVersion = 17.6.33829.357
MinimumVisualStudioVersion = 10.0.40219.1
Project("{FAE04EC0-301F-11D3-BF4B-00C04F79EFBC}") = "HomeWork4", "HomeWork4\HomeWork4.csproj", "{773613BE-F997-4C0B-80FD-467A467F6497}"
EndProject
Global
	GlobalSection(SolutionConfigurationPlatforms) = preSolution
		Debug|Any CPU = Debug|Any CPU
		Release|Any CPU = Release|Any CPU
	EndGlobalSection
	GlobalSection(ProjectConfigurationPlatforms) = postSolution
		{773613BE-F997-4C0B-80FD-467A467F6497}.Debug|Any CPU.ActiveCfg = Debug|Any CPU
		{773613BE-F997-4C0B-80FD-467A467F6497}.Debug|Any CPU.Build.0 = Debug|Any CPU
		{773613BE-F997-4C0B-80FD-467A467F6497}.Release|Any CPU.ActiveCfg = Release|Any CPU
		{773613BE-F997-4C0B-80FD-467A467F6497}.Release|Any CPU.Build.0 = Release|Any CPU
	EndGlobalSection
	GlobalSection(SolutionProperties) = preSolution
		HideSolutionNode = FALSE
	EndGlobalSection
	GlobalSection(ExtensibilityGlobals) = postSolution
		SolutionGuid = {54BF1642-FC9B-4462-AF7B-1A7A8D05710B}
	EndGlobalSection
EndGlobal
